
Microsoft Visual Studio Solution File, Format Version 12.00
# Visual Studio Version 17
VisualStudioVersion = 17.10.35122.118
MinimumVisualStudioVersion = 10.0.40219.1
Project("{9A19103F-16F7-4668-BE54-9A1E7A4F7556}") = "Coffee.Mitsubishi.Communication", "Coffee.Mitsubishi.Communication\Coffee.Mitsubishi.Communication.csproj", "{9CEF6DED-E41C-4333-A5CD-F427AA298429}"
EndProject
Project("{FAE04EC0-301F-11D3-BF4B-00C04F79EFBC}") = "Coffee.Mitsubishi", "Coffee.Mitsubishi\Coffee.Mitsubishi.csproj", "{BABDD6D5-4BA5-4C05-AFE5-B09F7ABB2224}"
EndProject
Global
	GlobalSection(SolutionConfigurationPlatforms) = preSolution
		Debug|Any CPU = Debug|Any CPU
		Release|Any CPU = Release|Any CPU
	EndGlobalSection
	GlobalSection(ProjectConfigurationPlatforms) = postSolution
		{9CEF6DED-E41C-4333-A5CD-F427AA298429}.Debug|Any CPU.ActiveCfg = Debug|Any CPU
		{9CEF6DED-E41C-4333-A5CD-F427AA298429}.Debug|Any CPU.Build.0 = Debug|Any CPU
		{9CEF6DED-E41C-4333-A5CD-F427AA298429}.Release|Any CPU.ActiveCfg = Release|Any CPU
		{9CEF6DED-E41C-4333-A5CD-F427AA298429}.Release|Any CPU.Build.0 = Release|Any CPU
		{BABDD6D5-4BA5-4C05-AFE5-B09F7ABB2224}.Debug|Any CPU.ActiveCfg = Debug|Any CPU
		{BABDD6D5-4BA5-4C05-AFE5-B09F7ABB2224}.Debug|Any CPU.Build.0 = Debug|Any CPU
		{BABDD6D5-4BA5-4C05-AFE5-B09F7ABB2224}.Release|Any CPU.ActiveCfg = Release|Any CPU
		{BABDD6D5-4BA5-4C05-AFE5-B09F7ABB2224}.Release|Any CPU.Build.0 = Release|Any CPU
	EndGlobalSection
	GlobalSection(SolutionProperties) = preSolution
		HideSolutionNode = FALSE
	EndGlobalSection
	GlobalSection(ExtensibilityGlobals) = postSolution
		SolutionGuid = {81D98DAA-143B-48D3-9731-040A9240840D}
	EndGlobalSection
EndGlobal
