
Microsoft Visual Studio Solution File, Format Version 12.00
# Visual Studio Version 16
VisualStudioVersion = 16.0.32602.291
MinimumVisualStudioVersion = 10.0.40219.1
Project("{FAE04EC0-301F-11D3-BF4B-00C04F79EFBC}") = "Coffee.MCProtocol.Server", "Coffee.MCProtocol.Server\Coffee.MCProtocol.Server.csproj", "{AAC7E598-AE82-4FF9-8510-B5E1EE7430CA}"
EndProject
Global
	GlobalSection(SolutionConfigurationPlatforms) = preSolution
		Debug|Any CPU = Debug|Any CPU
		Release|Any CPU = Release|Any CPU
	EndGlobalSection
	GlobalSection(ProjectConfigurationPlatforms) = postSolution
		{AAC7E598-AE82-4FF9-8510-B5E1EE7430CA}.Debug|Any CPU.ActiveCfg = Debug|Any CPU
		{AAC7E598-AE82-4FF9-8510-B5E1EE7430CA}.Debug|Any CPU.Build.0 = Debug|Any CPU
		{AAC7E598-AE82-4FF9-8510-B5E1EE7430CA}.Release|Any CPU.ActiveCfg = Release|Any CPU
		{AAC7E598-AE82-4FF9-8510-B5E1EE7430CA}.Release|Any CPU.Build.0 = Release|Any CPU
	EndGlobalSection
	GlobalSection(SolutionProperties) = preSolution
		HideSolutionNode = FALSE
	EndGlobalSection
	GlobalSection(ExtensibilityGlobals) = postSolution
		SolutionGuid = {92CFA285-FF2D-4254-A40D-224D733500EE}
	EndGlobalSection
EndGlobal
